<?xml version="1.0" encoding="utf-8"?>
<Project ToolsVersion="4.0" xmlns="http://schemas.microsoft.com/developer/msbuild/2003">
  <ItemGroup>
    <Filter Include="Source Files">
      <UniqueIdentifier>{4FC737F1-C7A5-4376-A066-2A32D752A2FF}</UniqueIdentifier>
      <Extensions>cpp;c;cc;cxx;c++;cppm;ixx;def;odl;idl;hpj;bat;asm;asmx</Extensions>
    </Filter>
    <Filter Include="Header Files">
      <UniqueIdentifier>{93995380-89BD-4b04-88EB-625FBE52EBFB}</UniqueIdentifier>
      <Extensions>h;hh;hpp;hxx;h++;hm;inl;inc;ipp;xsd</Extensions>
    </Filter>
    <Filter Include="Resource Files">
      <UniqueIdentifier>{67DA6AB6-F800-4c08-8B7A-83BB121AAD01}</UniqueIdentifier>
      <Extensions>rc;ico;cur;bmp;dlg;rc2;rct;bin;rgs;gif;jpg;jpeg;jpe;resx;tiff;tif;png;wav;mfcribbon-ms</Extensions>
    </Filter>
    <Filter Include="Source Files\Data">
      <UniqueIdentifier>{d7bd0dc9-a76f-49a6-a7ee-a39a48e0f662}</UniqueIdentifier>
    </Filter>
    <Filter Include="Source Files\UI">
      <UniqueIdentifier>{24ebec56-85d3-447d-abf7-a7646047d8a9}</UniqueIdentifier>
    </Filter>
  </ItemGroup>
  <ItemGroup>
    <None Include="CEWatermark.lua">
      <Filter>Source Files\UI</Filter>
    </None>
    <None Include="Dummy.sql">
      <Filter>Source Files\Data</Filter>
    </None>
    <None Include="Config.sql">
      <Filter>Source Files\Data</Filter>
    </None>
    <None Include="CommunityExtension.modinfo" />
  </ItemGroup>
  <ItemGroup>
    <Xml Include="CEWatermark.xml">
      <Filter>Source Files\UI</Filter>
    </Xml>
  </ItemGroup>
</Project>